
Microsoft Visual Studio Solution File, Format Version 12.00
# Visual Studio 14
VisualStudioVersion = 14.0.25420.1
MinimumVisualStudioVersion = 10.0.40219.1
Project("{D954291E-2A0B-460D-934E-DC6B0785DB48}") = "VisiteApp", "VisiteApp\VisiteApp\VisiteApp.shproj", "{45FC069F-1ED4-4486-94CB-662A47F360E9}"
EndProject
Project("{FAE04EC0-301F-11D3-BF4B-00C04F79EFBC}") = "VisiteApp.Droid", "VisiteApp\VisiteApp.Droid\VisiteApp.Droid.csproj", "{44933BA3-58BA-4D49-A482-8F0133E3020A}"
EndProject
Project("{FAE04EC0-301F-11D3-BF4B-00C04F79EFBC}") = "VisiteApp.iOS", "VisiteApp\VisiteApp.iOS\VisiteApp.iOS.csproj", "{5049C0CA-C706-4FF0-A1C5-840B2FFB671E}"
EndProject
Project("{FAE04EC0-301F-11D3-BF4B-00C04F79EFBC}") = "VisiteApp.WinPhone", "VisiteApp\VisiteApp.WinPhone\VisiteApp.WinPhone.csproj", "{C0AC08A4-2B9C-4F6F-A8FE-FF763C57ADCF}"
EndProject
Project("{FAE04EC0-301F-11D3-BF4B-00C04F79EFBC}") = "VisiteApp.Windows", "VisiteApp\VisiteApp.Windows\VisiteApp.Windows.csproj", "{7DA4C6A6-C158-465C-BA7D-9D3C08A48292}"
EndProject
Project("{FAE04EC0-301F-11D3-BF4B-00C04F79EFBC}") = "Visite.Core", "Visite.Core\Visite.Core.csproj", "{67F9D3A8-F71E-4428-913F-C37AE82CDB24}"
EndProject
Global
	GlobalSection(SharedMSBuildProjectFiles) = preSolution
		VisiteApp\VisiteApp\VisiteApp.projitems*{44933ba3-58ba-4d49-a482-8f0133e3020a}*SharedItemsImports = 4
		VisiteApp\VisiteApp\VisiteApp.projitems*{45fc069f-1ed4-4486-94cb-662a47f360e9}*SharedItemsImports = 13
		VisiteApp\VisiteApp\VisiteApp.projitems*{5049c0ca-c706-4ff0-a1c5-840b2ffb671e}*SharedItemsImports = 4
		VisiteApp\VisiteApp\VisiteApp.projitems*{7da4c6a6-c158-465c-ba7d-9d3c08a48292}*SharedItemsImports = 4
		VisiteApp\VisiteApp\VisiteApp.projitems*{c0ac08a4-2b9c-4f6f-a8fe-ff763c57adcf}*SharedItemsImports = 4
	EndGlobalSection
	GlobalSection(SolutionConfigurationPlatforms) = preSolution
		Ad-Hoc|Any CPU = Ad-Hoc|Any CPU
		Ad-Hoc|ARM = Ad-Hoc|ARM
		Ad-Hoc|iPhone = Ad-Hoc|iPhone
		Ad-Hoc|iPhoneSimulator = Ad-Hoc|iPhoneSimulator
		Ad-Hoc|x64 = Ad-Hoc|x64
		Ad-Hoc|x86 = Ad-Hoc|x86
		AppStore|Any CPU = AppStore|Any CPU
		AppStore|ARM = AppStore|ARM
		AppStore|iPhone = AppStore|iPhone
		AppStore|iPhoneSimulator = AppStore|iPhoneSimulator
		AppStore|x64 = AppStore|x64
		AppStore|x86 = AppStore|x86
		Debug|Any CPU = Debug|Any CPU
		Debug|ARM = Debug|ARM
		Debug|iPhone = Debug|iPhone
		Debug|iPhoneSimulator = Debug|iPhoneSimulator
		Debug|x64 = Debug|x64
		Debug|x86 = Debug|x86
		Release|Any CPU = Release|Any CPU
		Release|ARM = Release|ARM
		Release|iPhone = Release|iPhone
		Release|iPhoneSimulator = Release|iPhoneSimulator
		Release|x64 = Release|x64
		Release|x86 = Release|x86
	EndGlobalSection
	GlobalSection(ProjectConfigurationPlatforms) = postSolution
		{44933BA3-58BA-4D49-A482-8F0133E3020A}.Ad-Hoc|Any CPU.ActiveCfg = Release|Any CPU
		{44933BA3-58BA-4D49-A482-8F0133E3020A}.Ad-Hoc|Any CPU.Build.0 = Release|Any CPU
		{44933BA3-58BA-4D49-A482-8F0133E3020A}.Ad-Hoc|Any CPU.Deploy.0 = Release|Any CPU
		{44933BA3-58BA-4D49-A482-8F0133E3020A}.Ad-Hoc|ARM.ActiveCfg = Release|Any CPU
		{44933BA3-58BA-4D49-A482-8F0133E3020A}.Ad-Hoc|ARM.Build.0 = Release|Any CPU
		{44933BA3-58BA-4D49-A482-8F0133E3020A}.Ad-Hoc|ARM.Deploy.0 = Release|Any CPU
		{44933BA3-58BA-4D49-A482-8F0133E3020A}.Ad-Hoc|iPhone.ActiveCfg = Release|Any CPU
		{44933BA3-58BA-4D49-A482-8F0133E3020A}.Ad-Hoc|iPhone.Build.0 = Release|Any CPU
		{44933BA3-58BA-4D49-A482-8F0133E3020A}.Ad-Hoc|iPhone.Deploy.0 = Release|Any CPU
		{44933BA3-58BA-4D49-A482-8F0133E3020A}.Ad-Hoc|iPhoneSimulator.ActiveCfg = Release|Any CPU
		{44933BA3-58BA-4D49-A482-8F0133E3020A}.Ad-Hoc|iPhoneSimulator.Build.0 = Release|Any CPU
		{44933BA3-58BA-4D49-A482-8F0133E3020A}.Ad-Hoc|iPhoneSimulator.Deploy.0 = Release|Any CPU
		{44933BA3-58BA-4D49-A482-8F0133E3020A}.Ad-Hoc|x64.ActiveCfg = Release|Any CPU
		{44933BA3-58BA-4D49-A482-8F0133E3020A}.Ad-Hoc|x64.Build.0 = Release|Any CPU
		{44933BA3-58BA-4D49-A482-8F0133E3020A}.Ad-Hoc|x64.Deploy.0 = Release|Any CPU
		{44933BA3-58BA-4D49-A482-8F0133E3020A}.Ad-Hoc|x86.ActiveCfg = Release|Any CPU
		{44933BA3-58BA-4D49-A482-8F0133E3020A}.Ad-Hoc|x86.Build.0 = Release|Any CPU
		{44933BA3-58BA-4D49-A482-8F0133E3020A}.Ad-Hoc|x86.Deploy.0 = Release|Any CPU
		{44933BA3-58BA-4D49-A482-8F0133E3020A}.AppStore|Any CPU.ActiveCfg = Release|Any CPU
		{44933BA3-58BA-4D49-A482-8F0133E3020A}.AppStore|Any CPU.Build.0 = Release|Any CPU
		{44933BA3-58BA-4D49-A482-8F0133E3020A}.AppStore|Any CPU.Deploy.0 = Release|Any CPU
		{44933BA3-58BA-4D49-A482-8F0133E3020A}.AppStore|ARM.ActiveCfg = Release|Any CPU
		{44933BA3-58BA-4D49-A482-8F0133E3020A}.AppStore|ARM.Build.0 = Release|Any CPU
		{44933BA3-58BA-4D49-A482-8F0133E3020A}.AppStore|ARM.Deploy.0 = Release|Any CPU
		{44933BA3-58BA-4D49-A482-8F0133E3020A}.AppStore|iPhone.ActiveCfg = Release|Any CPU
		{44933BA3-58BA-4D49-A482-8F0133E3020A}.AppStore|iPhone.Build.0 = Release|Any CPU
		{44933BA3-58BA-4D49-A482-8F0133E3020A}.AppStore|iPhone.Deploy.0 = Release|Any CPU
		{44933BA3-58BA-4D49-A482-8F0133E3020A}.AppStore|iPhoneSimulator.ActiveCfg = Release|Any CPU
		{44933BA3-58BA-4D49-A482-8F0133E3020A}.AppStore|iPhoneSimulator.Build.0 = Release|Any CPU
		{44933BA3-58BA-4D49-A482-8F0133E3020A}.AppStore|iPhoneSimulator.Deploy.0 = Release|Any CPU
		{44933BA3-58BA-4D49-A482-8F0133E3020A}.AppStore|x64.ActiveCfg = Release|Any CPU
		{44933BA3-58BA-4D49-A482-8F0133E3020A}.AppStore|x64.Build.0 = Release|Any CPU
		{44933BA3-58BA-4D49-A482-8F0133E3020A}.AppStore|x64.Deploy.0 = Release|Any CPU
		{44933BA3-58BA-4D49-A482-8F0133E3020A}.AppStore|x86.ActiveCfg = Release|Any CPU
		{44933BA3-58BA-4D49-A482-8F0133E3020A}.AppStore|x86.Build.0 = Release|Any CPU
		{44933BA3-58BA-4D49-A482-8F0133E3020A}.AppStore|x86.Deploy.0 = Release|Any CPU
		{44933BA3-58BA-4D49-A482-8F0133E3020A}.Debug|Any CPU.ActiveCfg = Debug|Any CPU
		{44933BA3-58BA-4D49-A482-8F0133E3020A}.Debug|Any CPU.Build.0 = Debug|Any CPU
		{44933BA3-58BA-4D49-A482-8F0133E3020A}.Debug|Any CPU.Deploy.0 = Debug|Any CPU
		{44933BA3-58BA-4D49-A482-8F0133E3020A}.Debug|ARM.ActiveCfg = Debug|Any CPU
		{44933BA3-58BA-4D49-A482-8F0133E3020A}.Debug|ARM.Build.0 = Debug|Any CPU
		{44933BA3-58BA-4D49-A482-8F0133E3020A}.Debug|ARM.Deploy.0 = Debug|Any CPU
		{44933BA3-58BA-4D49-A482-8F0133E3020A}.Debug|iPhone.ActiveCfg = Debug|Any CPU
		{44933BA3-58BA-4D49-A482-8F0133E3020A}.Debug|iPhone.Build.0 = Debug|Any CPU
		{44933BA3-58BA-4D49-A482-8F0133E3020A}.Debug|iPhone.Deploy.0 = Debug|Any CPU
		{44933BA3-58BA-4D49-A482-8F0133E3020A}.Debug|iPhoneSimulator.ActiveCfg = Debug|Any CPU
		{44933BA3-58BA-4D49-A482-8F0133E3020A}.Debug|iPhoneSimulator.Build.0 = Debug|Any CPU
		{44933BA3-58BA-4D49-A482-8F0133E3020A}.Debug|iPhoneSimulator.Deploy.0 = Debug|Any CPU
		{44933BA3-58BA-4D49-A482-8F0133E3020A}.Debug|x64.ActiveCfg = Debug|Any CPU
		{44933BA3-58BA-4D49-A482-8F0133E3020A}.Debug|x64.Build.0 = Debug|Any CPU
		{44933BA3-58BA-4D49-A482-8F0133E3020A}.Debug|x64.Deploy.0 = Debug|Any CPU
		{44933BA3-58BA-4D49-A482-8F0133E3020A}.Debug|x86.ActiveCfg = Debug|Any CPU
		{44933BA3-58BA-4D49-A482-8F0133E3020A}.Debug|x86.Build.0 = Debug|Any CPU
		{44933BA3-58BA-4D49-A482-8F0133E3020A}.Debug|x86.Deploy.0 = Debug|Any CPU
		{44933BA3-58BA-4D49-A482-8F0133E3020A}.Release|Any CPU.ActiveCfg = Release|Any CPU
		{44933BA3-58BA-4D49-A482-8F0133E3020A}.Release|Any CPU.Build.0 = Release|Any CPU
		{44933BA3-58BA-4D49-A482-8F0133E3020A}.Release|Any CPU.Deploy.0 = Release|Any CPU
		{44933BA3-58BA-4D49-A482-8F0133E3020A}.Release|ARM.ActiveCfg = Release|Any CPU
		{44933BA3-58BA-4D49-A482-8F0133E3020A}.Release|ARM.Build.0 = Release|Any CPU
		{44933BA3-58BA-4D49-A482-8F0133E3020A}.Release|ARM.Deploy.0 = Release|Any CPU
		{44933BA3-58BA-4D49-A482-8F0133E3020A}.Release|iPhone.ActiveCfg = Release|Any CPU
		{44933BA3-58BA-4D49-A482-8F0133E3020A}.Release|iPhone.Build.0 = Release|Any CPU
		{44933BA3-58BA-4D49-A482-8F0133E3020A}.Release|iPhone.Deploy.0 = Release|Any CPU
		{44933BA3-58BA-4D49-A482-8F0133E3020A}.Release|iPhoneSimulator.ActiveCfg = Release|Any CPU
		{44933BA3-58BA-4D49-A482-8F0133E3020A}.Release|iPhoneSimulator.Build.0 = Release|Any CPU
		{44933BA3-58BA-4D49-A482-8F0133E3020A}.Release|iPhoneSimulator.Deploy.0 = Release|Any CPU
		{44933BA3-58BA-4D49-A482-8F0133E3020A}.Release|x64.ActiveCfg = Release|Any CPU
		{44933BA3-58BA-4D49-A482-8F0133E3020A}.Release|x64.Build.0 = Release|Any CPU
		{44933BA3-58BA-4D49-A482-8F0133E3020A}.Release|x64.Deploy.0 = Release|Any CPU
		{44933BA3-58BA-4D49-A482-8F0133E3020A}.Release|x86.ActiveCfg = Release|Any CPU
		{44933BA3-58BA-4D49-A482-8F0133E3020A}.Release|x86.Build.0 = Release|Any CPU
		{44933BA3-58BA-4D49-A482-8F0133E3020A}.Release|x86.Deploy.0 = Release|Any CPU
		{5049C0CA-C706-4FF0-A1C5-840B2FFB671E}.Ad-Hoc|Any CPU.ActiveCfg = Ad-Hoc|iPhone
		{5049C0CA-C706-4FF0-A1C5-840B2FFB671E}.Ad-Hoc|ARM.ActiveCfg = Ad-Hoc|iPhone
		{5049C0CA-C706-4FF0-A1C5-840B2FFB671E}.Ad-Hoc|iPhone.ActiveCfg = Ad-Hoc|iPhone
		{5049C0CA-C706-4FF0-A1C5-840B2FFB671E}.Ad-Hoc|iPhone.Build.0 = Ad-Hoc|iPhone
		{5049C0CA-C706-4FF0-A1C5-840B2FFB671E}.Ad-Hoc|iPhoneSimulator.ActiveCfg = Ad-Hoc|iPhoneSimulator
		{5049C0CA-C706-4FF0-A1C5-840B2FFB671E}.Ad-Hoc|iPhoneSimulator.Build.0 = Ad-Hoc|iPhoneSimulator
		{5049C0CA-C706-4FF0-A1C5-840B2FFB671E}.Ad-Hoc|x64.ActiveCfg = Ad-Hoc|iPhone
		{5049C0CA-C706-4FF0-A1C5-840B2FFB671E}.Ad-Hoc|x86.ActiveCfg = Ad-Hoc|iPhone
		{5049C0CA-C706-4FF0-A1C5-840B2FFB671E}.AppStore|Any CPU.ActiveCfg = AppStore|iPhone
		{5049C0CA-C706-4FF0-A1C5-840B2FFB671E}.AppStore|ARM.ActiveCfg = AppStore|iPhone
		{5049C0CA-C706-4FF0-A1C5-840B2FFB671E}.AppStore|iPhone.ActiveCfg = AppStore|iPhone
		{5049C0CA-C706-4FF0-A1C5-840B2FFB671E}.AppStore|iPhone.Build.0 = AppStore|iPhone
		{5049C0CA-C706-4FF0-A1C5-840B2FFB671E}.AppStore|iPhoneSimulator.ActiveCfg = AppStore|iPhoneSimulator
		{5049C0CA-C706-4FF0-A1C5-840B2FFB671E}.AppStore|iPhoneSimulator.Build.0 = AppStore|iPhoneSimulator
		{5049C0CA-C706-4FF0-A1C5-840B2FFB671E}.AppStore|x64.ActiveCfg = AppStore|iPhone
		{5049C0CA-C706-4FF0-A1C5-840B2FFB671E}.AppStore|x86.ActiveCfg = AppStore|iPhone
		{5049C0CA-C706-4FF0-A1C5-840B2FFB671E}.Debug|Any CPU.ActiveCfg = Debug|iPhone
		{5049C0CA-C706-4FF0-A1C5-840B2FFB671E}.Debug|ARM.ActiveCfg = Debug|iPhone
		{5049C0CA-C706-4FF0-A1C5-840B2FFB671E}.Debug|iPhone.ActiveCfg = Debug|iPhone
		{5049C0CA-C706-4FF0-A1C5-840B2FFB671E}.Debug|iPhone.Build.0 = Debug|iPhone
		{5049C0CA-C706-4FF0-A1C5-840B2FFB671E}.Debug|iPhoneSimulator.ActiveCfg = Debug|iPhoneSimulator
		{5049C0CA-C706-4FF0-A1C5-840B2FFB671E}.Debug|iPhoneSimulator.Build.0 = Debug|iPhoneSimulator
		{5049C0CA-C706-4FF0-A1C5-840B2FFB671E}.Debug|x64.ActiveCfg = Debug|iPhone
		{5049C0CA-C706-4FF0-A1C5-840B2FFB671E}.Debug|x86.ActiveCfg = Debug|iPhone
		{5049C0CA-C706-4FF0-A1C5-840B2FFB671E}.Release|Any CPU.ActiveCfg = Release|iPhone
		{5049C0CA-C706-4FF0-A1C5-840B2FFB671E}.Release|ARM.ActiveCfg = Release|iPhone
		{5049C0CA-C706-4FF0-A1C5-840B2FFB671E}.Release|iPhone.ActiveCfg = Release|iPhone
		{5049C0CA-C706-4FF0-A1C5-840B2FFB671E}.Release|iPhone.Build.0 = Release|iPhone
		{5049C0CA-C706-4FF0-A1C5-840B2FFB671E}.Release|iPhoneSimulator.ActiveCfg = Release|iPhoneSimulator
		{5049C0CA-C706-4FF0-A1C5-840B2FFB671E}.Release|iPhoneSimulator.Build.0 = Release|iPhoneSimulator
		{5049C0CA-C706-4FF0-A1C5-840B2FFB671E}.Release|x64.ActiveCfg = Release|iPhone
		{5049C0CA-C706-4FF0-A1C5-840B2FFB671E}.Release|x86.ActiveCfg = Release|iPhone
		{C0AC08A4-2B9C-4F6F-A8FE-FF763C57ADCF}.Ad-Hoc|Any CPU.ActiveCfg = Release|Any CPU
		{C0AC08A4-2B9C-4F6F-A8FE-FF763C57ADCF}.Ad-Hoc|Any CPU.Build.0 = Release|Any CPU
		{C0AC08A4-2B9C-4F6F-A8FE-FF763C57ADCF}.Ad-Hoc|Any CPU.Deploy.0 = Release|Any CPU
		{C0AC08A4-2B9C-4F6F-A8FE-FF763C57ADCF}.Ad-Hoc|ARM.ActiveCfg = Release|ARM
		{C0AC08A4-2B9C-4F6F-A8FE-FF763C57ADCF}.Ad-Hoc|ARM.Build.0 = Release|ARM
		{C0AC08A4-2B9C-4F6F-A8FE-FF763C57ADCF}.Ad-Hoc|ARM.Deploy.0 = Release|ARM
		{C0AC08A4-2B9C-4F6F-A8FE-FF763C57ADCF}.Ad-Hoc|iPhone.ActiveCfg = Release|Any CPU
		{C0AC08A4-2B9C-4F6F-A8FE-FF763C57ADCF}.Ad-Hoc|iPhone.Build.0 = Release|Any CPU
		{C0AC08A4-2B9C-4F6F-A8FE-FF763C57ADCF}.Ad-Hoc|iPhone.Deploy.0 = Release|Any CPU
		{C0AC08A4-2B9C-4F6F-A8FE-FF763C57ADCF}.Ad-Hoc|iPhoneSimulator.ActiveCfg = Release|Any CPU
		{C0AC08A4-2B9C-4F6F-A8FE-FF763C57ADCF}.Ad-Hoc|iPhoneSimulator.Build.0 = Release|Any CPU
		{C0AC08A4-2B9C-4F6F-A8FE-FF763C57ADCF}.Ad-Hoc|iPhoneSimulator.Deploy.0 = Release|Any CPU
		{C0AC08A4-2B9C-4F6F-A8FE-FF763C57ADCF}.Ad-Hoc|x64.ActiveCfg = Release|Any CPU
		{C0AC08A4-2B9C-4F6F-A8FE-FF763C57ADCF}.Ad-Hoc|x64.Build.0 = Release|Any CPU
		{C0AC08A4-2B9C-4F6F-A8FE-FF763C57ADCF}.Ad-Hoc|x64.Deploy.0 = Release|Any CPU
		{C0AC08A4-2B9C-4F6F-A8FE-FF763C57ADCF}.Ad-Hoc|x86.ActiveCfg = Release|x86
		{C0AC08A4-2B9C-4F6F-A8FE-FF763C57ADCF}.Ad-Hoc|x86.Build.0 = Release|x86
		{C0AC08A4-2B9C-4F6F-A8FE-FF763C57ADCF}.Ad-Hoc|x86.Deploy.0 = Release|x86
		{C0AC08A4-2B9C-4F6F-A8FE-FF763C57ADCF}.AppStore|Any CPU.ActiveCfg = Release|Any CPU
		{C0AC08A4-2B9C-4F6F-A8FE-FF763C57ADCF}.AppStore|Any CPU.Build.0 = Release|Any CPU
		{C0AC08A4-2B9C-4F6F-A8FE-FF763C57ADCF}.AppStore|Any CPU.Deploy.0 = Release|Any CPU
		{C0AC08A4-2B9C-4F6F-A8FE-FF763C57ADCF}.AppStore|ARM.ActiveCfg = Release|ARM
		{C0AC08A4-2B9C-4F6F-A8FE-FF763C57ADCF}.AppStore|ARM.Build.0 = Release|ARM
		{C0AC08A4-2B9C-4F6F-A8FE-FF763C57ADCF}.AppStore|ARM.Deploy.0 = Release|ARM
		{C0AC08A4-2B9C-4F6F-A8FE-FF763C57ADCF}.AppStore|iPhone.ActiveCfg = Release|Any CPU
		{C0AC08A4-2B9C-4F6F-A8FE-FF763C57ADCF}.AppStore|iPhone.Build.0 = Release|Any CPU
		{C0AC08A4-2B9C-4F6F-A8FE-FF763C57ADCF}.AppStore|iPhone.Deploy.0 = Release|Any CPU
		{C0AC08A4-2B9C-4F6F-A8FE-FF763C57ADCF}.AppStore|iPhoneSimulator.ActiveCfg = Release|Any CPU
		{C0AC08A4-2B9C-4F6F-A8FE-FF763C57ADCF}.AppStore|iPhoneSimulator.Build.0 = Release|Any CPU
		{C0AC08A4-2B9C-4F6F-A8FE-FF763C57ADCF}.AppStore|iPhoneSimulator.Deploy.0 = Release|Any CPU
		{C0AC08A4-2B9C-4F6F-A8FE-FF763C57ADCF}.AppStore|x64.ActiveCfg = Release|Any CPU
		{C0AC08A4-2B9C-4F6F-A8FE-FF763C57ADCF}.AppStore|x64.Build.0 = Release|Any CPU
		{C0AC08A4-2B9C-4F6F-A8FE-FF763C57ADCF}.AppStore|x64.Deploy.0 = Release|Any CPU
		{C0AC08A4-2B9C-4F6F-A8FE-FF763C57ADCF}.AppStore|x86.ActiveCfg = Release|x86
		{C0AC08A4-2B9C-4F6F-A8FE-FF763C57ADCF}.AppStore|x86.Build.0 = Release|x86
		{C0AC08A4-2B9C-4F6F-A8FE-FF763C57ADCF}.AppStore|x86.Deploy.0 = Release|x86
		{C0AC08A4-2B9C-4F6F-A8FE-FF763C57ADCF}.Debug|Any CPU.ActiveCfg = Debug|Any CPU
		{C0AC08A4-2B9C-4F6F-A8FE-FF763C57ADCF}.Debug|Any CPU.Build.0 = Debug|Any CPU
		{C0AC08A4-2B9C-4F6F-A8FE-FF763C57ADCF}.Debug|Any CPU.Deploy.0 = Debug|Any CPU
		{C0AC08A4-2B9C-4F6F-A8FE-FF763C57ADCF}.Debug|ARM.ActiveCfg = Debug|ARM
		{C0AC08A4-2B9C-4F6F-A8FE-FF763C57ADCF}.Debug|ARM.Build.0 = Debug|ARM
		{C0AC08A4-2B9C-4F6F-A8FE-FF763C57ADCF}.Debug|ARM.Deploy.0 = Debug|ARM
		{C0AC08A4-2B9C-4F6F-A8FE-FF763C57ADCF}.Debug|iPhone.ActiveCfg = Debug|Any CPU
		{C0AC08A4-2B9C-4F6F-A8FE-FF763C57ADCF}.Debug|iPhone.Build.0 = Debug|Any CPU
		{C0AC08A4-2B9C-4F6F-A8FE-FF763C57ADCF}.Debug|iPhone.Deploy.0 = Debug|Any CPU
		{C0AC08A4-2B9C-4F6F-A8FE-FF763C57ADCF}.Debug|iPhoneSimulator.ActiveCfg = Debug|Any CPU
		{C0AC08A4-2B9C-4F6F-A8FE-FF763C57ADCF}.Debug|iPhoneSimulator.Build.0 = Debug|Any CPU
		{C0AC08A4-2B9C-4F6F-A8FE-FF763C57ADCF}.Debug|iPhoneSimulator.Deploy.0 = Debug|Any CPU
		{C0AC08A4-2B9C-4F6F-A8FE-FF763C57ADCF}.Debug|x64.ActiveCfg = Debug|Any CPU
		{C0AC08A4-2B9C-4F6F-A8FE-FF763C57ADCF}.Debug|x64.Build.0 = Debug|Any CPU
		{C0AC08A4-2B9C-4F6F-A8FE-FF763C57ADCF}.Debug|x64.Deploy.0 = Debug|Any CPU
		{C0AC08A4-2B9C-4F6F-A8FE-FF763C57ADCF}.Debug|x86.ActiveCfg = Debug|x86
		{C0AC08A4-2B9C-4F6F-A8FE-FF763C57ADCF}.Debug|x86.Build.0 = Debug|x86
		{C0AC08A4-2B9C-4F6F-A8FE-FF763C57ADCF}.Debug|x86.Deploy.0 = Debug|x86
		{C0AC08A4-2B9C-4F6F-A8FE-FF763C57ADCF}.Release|Any CPU.ActiveCfg = Release|Any CPU
		{C0AC08A4-2B9C-4F6F-A8FE-FF763C57ADCF}.Release|Any CPU.Build.0 = Release|Any CPU
		{C0AC08A4-2B9C-4F6F-A8FE-FF763C57ADCF}.Release|Any CPU.Deploy.0 = Release|Any CPU
		{C0AC08A4-2B9C-4F6F-A8FE-FF763C57ADCF}.Release|ARM.ActiveCfg = Release|ARM
		{C0AC08A4-2B9C-4F6F-A8FE-FF763C57ADCF}.Release|ARM.Build.0 = Release|ARM
		{C0AC08A4-2B9C-4F6F-A8FE-FF763C57ADCF}.Release|ARM.Deploy.0 = Release|ARM
		{C0AC08A4-2B9C-4F6F-A8FE-FF763C57ADCF}.Release|iPhone.ActiveCfg = Release|Any CPU
		{C0AC08A4-2B9C-4F6F-A8FE-FF763C57ADCF}.Release|iPhone.Build.0 = Release|Any CPU
		{C0AC08A4-2B9C-4F6F-A8FE-FF763C57ADCF}.Release|iPhone.Deploy.0 = Release|Any CPU
		{C0AC08A4-2B9C-4F6F-A8FE-FF763C57ADCF}.Release|iPhoneSimulator.ActiveCfg = Release|Any CPU
		{C0AC08A4-2B9C-4F6F-A8FE-FF763C57ADCF}.Release|iPhoneSimulator.Build.0 = Release|Any CPU
		{C0AC08A4-2B9C-4F6F-A8FE-FF763C57ADCF}.Release|iPhoneSimulator.Deploy.0 = Release|Any CPU
		{C0AC08A4-2B9C-4F6F-A8FE-FF763C57ADCF}.Release|x64.ActiveCfg = Release|Any CPU
		{C0AC08A4-2B9C-4F6F-A8FE-FF763C57ADCF}.Release|x64.Build.0 = Release|Any CPU
		{C0AC08A4-2B9C-4F6F-A8FE-FF763C57ADCF}.Release|x64.Deploy.0 = Release|Any CPU
		{C0AC08A4-2B9C-4F6F-A8FE-FF763C57ADCF}.Release|x86.ActiveCfg = Release|x86
		{C0AC08A4-2B9C-4F6F-A8FE-FF763C57ADCF}.Release|x86.Build.0 = Release|x86
		{C0AC08A4-2B9C-4F6F-A8FE-FF763C57ADCF}.Release|x86.Deploy.0 = Release|x86
		{7DA4C6A6-C158-465C-BA7D-9D3C08A48292}.Ad-Hoc|Any CPU.ActiveCfg = Release|Any CPU
		{7DA4C6A6-C158-465C-BA7D-9D3C08A48292}.Ad-Hoc|Any CPU.Build.0 = Release|Any CPU
		{7DA4C6A6-C158-465C-BA7D-9D3C08A48292}.Ad-Hoc|Any CPU.Deploy.0 = Release|Any CPU
		{7DA4C6A6-C158-465C-BA7D-9D3C08A48292}.Ad-Hoc|ARM.ActiveCfg = Release|ARM
		{7DA4C6A6-C158-465C-BA7D-9D3C08A48292}.Ad-Hoc|ARM.Build.0 = Release|ARM
		{7DA4C6A6-C158-465C-BA7D-9D3C08A48292}.Ad-Hoc|ARM.Deploy.0 = Release|ARM
		{7DA4C6A6-C158-465C-BA7D-9D3C08A48292}.Ad-Hoc|iPhone.ActiveCfg = Release|Any CPU
		{7DA4C6A6-C158-465C-BA7D-9D3C08A48292}.Ad-Hoc|iPhone.Build.0 = Release|Any CPU
		{7DA4C6A6-C158-465C-BA7D-9D3C08A48292}.Ad-Hoc|iPhone.Deploy.0 = Release|Any CPU
		{7DA4C6A6-C158-465C-BA7D-9D3C08A48292}.Ad-Hoc|iPhoneSimulator.ActiveCfg = Release|Any CPU
		{7DA4C6A6-C158-465C-BA7D-9D3C08A48292}.Ad-Hoc|iPhoneSimulator.Build.0 = Release|Any CPU
		{7DA4C6A6-C158-465C-BA7D-9D3C08A48292}.Ad-Hoc|iPhoneSimulator.Deploy.0 = Release|Any CPU
		{7DA4C6A6-C158-465C-BA7D-9D3C08A48292}.Ad-Hoc|x64.ActiveCfg = Release|x64
		{7DA4C6A6-C158-465C-BA7D-9D3C08A48292}.Ad-Hoc|x64.Build.0 = Release|x64
		{7DA4C6A6-C158-465C-BA7D-9D3C08A48292}.Ad-Hoc|x64.Deploy.0 = Release|x64
		{7DA4C6A6-C158-465C-BA7D-9D3C08A48292}.Ad-Hoc|x86.ActiveCfg = Release|x86
		{7DA4C6A6-C158-465C-BA7D-9D3C08A48292}.Ad-Hoc|x86.Build.0 = Release|x86
		{7DA4C6A6-C158-465C-BA7D-9D3C08A48292}.Ad-Hoc|x86.Deploy.0 = Release|x86
		{7DA4C6A6-C158-465C-BA7D-9D3C08A48292}.AppStore|Any CPU.ActiveCfg = Release|Any CPU
		{7DA4C6A6-C158-465C-BA7D-9D3C08A48292}.AppStore|Any CPU.Build.0 = Release|Any CPU
		{7DA4C6A6-C158-465C-BA7D-9D3C08A48292}.AppStore|Any CPU.Deploy.0 = Release|Any CPU
		{7DA4C6A6-C158-465C-BA7D-9D3C08A48292}.AppStore|ARM.ActiveCfg = Release|ARM
		{7DA4C6A6-C158-465C-BA7D-9D3C08A48292}.AppStore|ARM.Build.0 = Release|ARM
		{7DA4C6A6-C158-465C-BA7D-9D3C08A48292}.AppStore|ARM.Deploy.0 = Release|ARM
		{7DA4C6A6-C158-465C-BA7D-9D3C08A48292}.AppStore|iPhone.ActiveCfg = Release|Any CPU
		{7DA4C6A6-C158-465C-BA7D-9D3C08A48292}.AppStore|iPhone.Build.0 = Release|Any CPU
		{7DA4C6A6-C158-465C-BA7D-9D3C08A48292}.AppStore|iPhone.Deploy.0 = Release|Any CPU
		{7DA4C6A6-C158-465C-BA7D-9D3C08A48292}.AppStore|iPhoneSimulator.ActiveCfg = Release|Any CPU
		{7DA4C6A6-C158-465C-BA7D-9D3C08A48292}.AppStore|iPhoneSimulator.Build.0 = Release|Any CPU
		{7DA4C6A6-C158-465C-BA7D-9D3C08A48292}.AppStore|iPhoneSimulator.Deploy.0 = Release|Any CPU
		{7DA4C6A6-C158-465C-BA7D-9D3C08A48292}.AppStore|x64.ActiveCfg = Release|x64
		{7DA4C6A6-C158-465C-BA7D-9D3C08A48292}.AppStore|x64.Build.0 = Release|x64
		{7DA4C6A6-C158-465C-BA7D-9D3C08A48292}.AppStore|x64.Deploy.0 = Release|x64
		{7DA4C6A6-C158-465C-BA7D-9D3C08A48292}.AppStore|x86.ActiveCfg = Release|x86
		{7DA4C6A6-C158-465C-BA7D-9D3C08A48292}.AppStore|x86.Build.0 = Release|x86
		{7DA4C6A6-C158-465C-BA7D-9D3C08A48292}.AppStore|x86.Deploy.0 = Release|x86
		{7DA4C6A6-C158-465C-BA7D-9D3C08A48292}.Debug|Any CPU.ActiveCfg = Debug|Any CPU
		{7DA4C6A6-C158-465C-BA7D-9D3C08A48292}.Debug|Any CPU.Build.0 = Debug|Any CPU
		{7DA4C6A6-C158-465C-BA7D-9D3C08A48292}.Debug|Any CPU.Deploy.0 = Debug|Any CPU
		{7DA4C6A6-C158-465C-BA7D-9D3C08A48292}.Debug|ARM.ActiveCfg = Debug|ARM
		{7DA4C6A6-C158-465C-BA7D-9D3C08A48292}.Debug|ARM.Build.0 = Debug|ARM
		{7DA4C6A6-C158-465C-BA7D-9D3C08A48292}.Debug|ARM.Deploy.0 = Debug|ARM
		{7DA4C6A6-C158-465C-BA7D-9D3C08A48292}.Debug|iPhone.ActiveCfg = Debug|Any CPU
		{7DA4C6A6-C158-465C-BA7D-9D3C08A48292}.Debug|iPhone.Build.0 = Debug|Any CPU
		{7DA4C6A6-C158-465C-BA7D-9D3C08A48292}.Debug|iPhone.Deploy.0 = Debug|Any CPU
		{7DA4C6A6-C158-465C-BA7D-9D3C08A48292}.Debug|iPhoneSimulator.ActiveCfg = Debug|Any CPU
		{7DA4C6A6-C158-465C-BA7D-9D3C08A48292}.Debug|iPhoneSimulator.Build.0 = Debug|Any CPU
		{7DA4C6A6-C158-465C-BA7D-9D3C08A48292}.Debug|iPhoneSimulator.Deploy.0 = Debug|Any CPU
		{7DA4C6A6-C158-465C-BA7D-9D3C08A48292}.Debug|x64.ActiveCfg = Debug|x64
		{7DA4C6A6-C158-465C-BA7D-9D3C08A48292}.Debug|x64.Build.0 = Debug|x64
		{7DA4C6A6-C158-465C-BA7D-9D3C08A48292}.Debug|x64.Deploy.0 = Debug|x64
		{7DA4C6A6-C158-465C-BA7D-9D3C08A48292}.Debug|x86.ActiveCfg = Debug|x86
		{7DA4C6A6-C158-465C-BA7D-9D3C08A48292}.Debug|x86.Build.0 = Debug|x86
		{7DA4C6A6-C158-465C-BA7D-9D3C08A48292}.Debug|x86.Deploy.0 = Debug|x86
		{7DA4C6A6-C158-465C-BA7D-9D3C08A48292}.Release|Any CPU.ActiveCfg = Release|Any CPU
		{7DA4C6A6-C158-465C-BA7D-9D3C08A48292}.Release|Any CPU.Build.0 = Release|Any CPU
		{7DA4C6A6-C158-465C-BA7D-9D3C08A48292}.Release|Any CPU.Deploy.0 = Release|Any CPU
		{7DA4C6A6-C158-465C-BA7D-9D3C08A48292}.Release|ARM.ActiveCfg = Release|ARM
		{7DA4C6A6-C158-465C-BA7D-9D3C08A48292}.Release|ARM.Build.0 = Release|ARM
		{7DA4C6A6-C158-465C-BA7D-9D3C08A48292}.Release|ARM.Deploy.0 = Release|ARM
		{7DA4C6A6-C158-465C-BA7D-9D3C08A48292}.Release|iPhone.ActiveCfg = Release|Any CPU
		{7DA4C6A6-C158-465C-BA7D-9D3C08A48292}.Release|iPhone.Build.0 = Release|Any CPU
		{7DA4C6A6-C158-465C-BA7D-9D3C08A48292}.Release|iPhone.Deploy.0 = Release|Any CPU
		{7DA4C6A6-C158-465C-BA7D-9D3C08A48292}.Release|iPhoneSimulator.ActiveCfg = Release|Any CPU
		{7DA4C6A6-C158-465C-BA7D-9D3C08A48292}.Release|iPhoneSimulator.Build.0 = Release|Any CPU
		{7DA4C6A6-C158-465C-BA7D-9D3C08A48292}.Release|iPhoneSimulator.Deploy.0 = Release|Any CPU
		{7DA4C6A6-C158-465C-BA7D-9D3C08A48292}.Release|x64.ActiveCfg = Release|x64
		{7DA4C6A6-C158-465C-BA7D-9D3C08A48292}.Release|x64.Build.0 = Release|x64
		{7DA4C6A6-C158-465C-BA7D-9D3C08A48292}.Release|x64.Deploy.0 = Release|x64
		{7DA4C6A6-C158-465C-BA7D-9D3C08A48292}.Release|x86.ActiveCfg = Release|x86
		{7DA4C6A6-C158-465C-BA7D-9D3C08A48292}.Release|x86.Build.0 = Release|x86
		{7DA4C6A6-C158-465C-BA7D-9D3C08A48292}.Release|x86.Deploy.0 = Release|x86
		{67F9D3A8-F71E-4428-913F-C37AE82CDB24}.Ad-Hoc|Any CPU.ActiveCfg = Release|Any CPU
		{67F9D3A8-F71E-4428-913F-C37AE82CDB24}.Ad-Hoc|Any CPU.Build.0 = Release|Any CPU
		{67F9D3A8-F71E-4428-913F-C37AE82CDB24}.Ad-Hoc|ARM.ActiveCfg = Release|Any CPU
		{67F9D3A8-F71E-4428-913F-C37AE82CDB24}.Ad-Hoc|ARM.Build.0 = Release|Any CPU
		{67F9D3A8-F71E-4428-913F-C37AE82CDB24}.Ad-Hoc|iPhone.ActiveCfg = Release|Any CPU
		{67F9D3A8-F71E-4428-913F-C37AE82CDB24}.Ad-Hoc|iPhone.Build.0 = Release|Any CPU
		{67F9D3A8-F71E-4428-913F-C37AE82CDB24}.Ad-Hoc|iPhoneSimulator.ActiveCfg = Release|Any CPU
		{67F9D3A8-F71E-4428-913F-C37AE82CDB24}.Ad-Hoc|iPhoneSimulator.Build.0 = Release|Any CPU
		{67F9D3A8-F71E-4428-913F-C37AE82CDB24}.Ad-Hoc|x64.ActiveCfg = Release|Any CPU
		{67F9D3A8-F71E-4428-913F-C37AE82CDB24}.Ad-Hoc|x64.Build.0 = Release|Any CPU
		{67F9D3A8-F71E-4428-913F-C37AE82CDB24}.Ad-Hoc|x86.ActiveCfg = Release|Any CPU
		{67F9D3A8-F71E-4428-913F-C37AE82CDB24}.Ad-Hoc|x86.Build.0 = Release|Any CPU
		{67F9D3A8-F71E-4428-913F-C37AE82CDB24}.AppStore|Any CPU.ActiveCfg = Release|Any CPU
		{67F9D3A8-F71E-4428-913F-C37AE82CDB24}.AppStore|Any CPU.Build.0 = Release|Any CPU
		{67F9D3A8-F71E-4428-913F-C37AE82CDB24}.AppStore|ARM.ActiveCfg = Release|Any CPU
		{67F9D3A8-F71E-4428-913F-C37AE82CDB24}.AppStore|ARM.Build.0 = Release|Any CPU
		{67F9D3A8-F71E-4428-913F-C37AE82CDB24}.AppStore|iPhone.ActiveCfg = Release|Any CPU
		{67F9D3A8-F71E-4428-913F-C37AE82CDB24}.AppStore|iPhone.Build.0 = Release|Any CPU
		{67F9D3A8-F71E-4428-913F-C37AE82CDB24}.AppStore|iPhoneSimulator.ActiveCfg = Release|Any CPU
		{67F9D3A8-F71E-4428-913F-C37AE82CDB24}.AppStore|iPhoneSimulator.Build.0 = Release|Any CPU
		{67F9D3A8-F71E-4428-913F-C37AE82CDB24}.AppStore|x64.ActiveCfg = Release|Any CPU
		{67F9D3A8-F71E-4428-913F-C37AE82CDB24}.AppStore|x64.Build.0 = Release|Any CPU
		{67F9D3A8-F71E-4428-913F-C37AE82CDB24}.AppStore|x86.ActiveCfg = Release|Any CPU
		{67F9D3A8-F71E-4428-913F-C37AE82CDB24}.AppStore|x86.Build.0 = Release|Any CPU
		{67F9D3A8-F71E-4428-913F-C37AE82CDB24}.Debug|Any CPU.ActiveCfg = Debug|Any CPU
		{67F9D3A8-F71E-4428-913F-C37AE82CDB24}.Debug|Any CPU.Build.0 = Debug|Any CPU
		{67F9D3A8-F71E-4428-913F-C37AE82CDB24}.Debug|ARM.ActiveCfg = Debug|Any CPU
		{67F9D3A8-F71E-4428-913F-C37AE82CDB24}.Debug|ARM.Build.0 = Debug|Any CPU
		{67F9D3A8-F71E-4428-913F-C37AE82CDB24}.Debug|iPhone.ActiveCfg = Debug|Any CPU
		{67F9D3A8-F71E-4428-913F-C37AE82CDB24}.Debug|iPhone.Build.0 = Debug|Any CPU
		{67F9D3A8-F71E-4428-913F-C37AE82CDB24}.Debug|iPhoneSimulator.ActiveCfg = Debug|Any CPU
		{67F9D3A8-F71E-4428-913F-C37AE82CDB24}.Debug|iPhoneSimulator.Build.0 = Debug|Any CPU
		{67F9D3A8-F71E-4428-913F-C37AE82CDB24}.Debug|x64.ActiveCfg = Debug|Any CPU
		{67F9D3A8-F71E-4428-913F-C37AE82CDB24}.Debug|x64.Build.0 = Debug|Any CPU
		{67F9D3A8-F71E-4428-913F-C37AE82CDB24}.Debug|x86.ActiveCfg = Debug|Any CPU
		{67F9D3A8-F71E-4428-913F-C37AE82CDB24}.Debug|x86.Build.0 = Debug|Any CPU
		{67F9D3A8-F71E-4428-913F-C37AE82CDB24}.Release|Any CPU.ActiveCfg = Release|Any CPU
		{67F9D3A8-F71E-4428-913F-C37AE82CDB24}.Release|Any CPU.Build.0 = Release|Any CPU
		{67F9D3A8-F71E-4428-913F-C37AE82CDB24}.Release|ARM.ActiveCfg = Release|Any CPU
		{67F9D3A8-F71E-4428-913F-C37AE82CDB24}.Release|ARM.Build.0 = Release|Any CPU
		{67F9D3A8-F71E-4428-913F-C37AE82CDB24}.Release|iPhone.ActiveCfg = Release|Any CPU
		{67F9D3A8-F71E-4428-913F-C37AE82CDB24}.Release|iPhone.Build.0 = Release|Any CPU
		{67F9D3A8-F71E-4428-913F-C37AE82CDB24}.Release|iPhoneSimulator.ActiveCfg = Release|Any CPU
		{67F9D3A8-F71E-4428-913F-C37AE82CDB24}.Release|iPhoneSimulator.Build.0 = Release|Any CPU
		{67F9D3A8-F71E-4428-913F-C37AE82CDB24}.Release|x64.ActiveCfg = Release|Any CPU
		{67F9D3A8-F71E-4428-913F-C37AE82CDB24}.Release|x64.Build.0 = Release|Any CPU
		{67F9D3A8-F71E-4428-913F-C37AE82CDB24}.Release|x86.ActiveCfg = Release|Any CPU
		{67F9D3A8-F71E-4428-913F-C37AE82CDB24}.Release|x86.Build.0 = Release|Any CPU
	EndGlobalSection
	GlobalSection(SolutionProperties) = preSolution
		HideSolutionNode = FALSE
	EndGlobalSection
EndGlobal
